// !$*UTF8*$!
{
	archiveVersion = 1;
	classes = {
	};
	objectVersion = 56;
	objects = {

/* Begin PBXBuildFile section */
		B10A79BE2C94CE6F0018B18F /* ViewConfiguration.swift in Sources */ = {isa = PBXBuildFile; fileRef = B10A79BD2C94CE6F0018B18F /* ViewConfiguration.swift */; };
		B10A79C12C94CE8D0018B18F /* Space.swift in Sources */ = {isa = PBXBuildFile; fileRef = B10A79C02C94CE8D0018B18F /* Space.swift */; };
		B10A79C42C94CEB60018B18F /* Text.swift in Sources */ = {isa = PBXBuildFile; fileRef = B10A79C32C94CEB60018B18F /* Text.swift */; };
		B10A79C62C94CECC0018B18F /* Font.swift in Sources */ = {isa = PBXBuildFile; fileRef = B10A79C52C94CECC0018B18F /* Font.swift */; };
		B10A79C82C94CF070018B18F /* Strings.swift in Sources */ = {isa = PBXBuildFile; fileRef = B10A79C72C94CF070018B18F /* Strings.swift */; };
		B10A79CB2C94D1920018B18F /* ExchangeCell.swift in Sources */ = {isa = PBXBuildFile; fileRef = B10A79CA2C94D1920018B18F /* ExchangeCell.swift */; };
		B10A79CE2C94D4740018B18F /* ExchangeViewModel.swift in Sources */ = {isa = PBXBuildFile; fileRef = B10A79CD2C94D4740018B18F /* ExchangeViewModel.swift */; };
		B10A79D32C94DCE30018B18F /* ErrorView.swift in Sources */ = {isa = PBXBuildFile; fileRef = B10A79D22C94DCE30018B18F /* ErrorView.swift */; };
		B1320EC22C98641D005E5C11 /* DecodableModel.swift in Sources */ = {isa = PBXBuildFile; fileRef = B1320EC12C98641D005E5C11 /* DecodableModel.swift */; };
		B1320EC42C98646D005E5C11 /* RequestMock.swift in Sources */ = {isa = PBXBuildFile; fileRef = B1320EC32C98646D005E5C11 /* RequestMock.swift */; };
		B1320EC92C986AEE005E5C11 /* ListInteractorTests.swift in Sources */ = {isa = PBXBuildFile; fileRef = B1320EC82C986AEE005E5C11 /* ListInteractorTests.swift */; };
		B1320ECB2C986C51005E5C11 /* ExchangeModel+Mocks.swift in Sources */ = {isa = PBXBuildFile; fileRef = B1320ECA2C986C51005E5C11 /* ExchangeModel+Mocks.swift */; };
		B1320ECD2C986D32005E5C11 /* ExchangeViewModel+Mocks.swift in Sources */ = {isa = PBXBuildFile; fileRef = B1320ECC2C986D32005E5C11 /* ExchangeViewModel+Mocks.swift */; };
		B1320ECF2C986E90005E5C11 /* ListPresenterTests.swift in Sources */ = {isa = PBXBuildFile; fileRef = B1320ECE2C986E90005E5C11 /* ListPresenterTests.swift */; };
		B1320ED12C9871D8005E5C11 /* ListCoordinatorTests.swift in Sources */ = {isa = PBXBuildFile; fileRef = B1320ED02C9871D8005E5C11 /* ListCoordinatorTests.swift */; };
		B13212622C987420005E5C11 /* NavigationControllerSpy.swift in Sources */ = {isa = PBXBuildFile; fileRef = B13212612C987420005E5C11 /* NavigationControllerSpy.swift */; };
		B13212642C9874E3005E5C11 /* ListFactoryTests.swift in Sources */ = {isa = PBXBuildFile; fileRef = B13212632C9874E3005E5C11 /* ListFactoryTests.swift */; };
		B13212662C98764B005E5C11 /* ListServiceTests.swift in Sources */ = {isa = PBXBuildFile; fileRef = B13212652C98764B005E5C11 /* ListServiceTests.swift */; };
		B13212682C98766C005E5C11 /* NetworkSpy.swift in Sources */ = {isa = PBXBuildFile; fileRef = B13212672C98766C005E5C11 /* NetworkSpy.swift */; };
		B132126A2C989284005E5C11 /* DetailsInteractorTests.swift in Sources */ = {isa = PBXBuildFile; fileRef = B13212692C989283005E5C11 /* DetailsInteractorTests.swift */; };
		B132126C2C989355005E5C11 /* DetailsPresenterTests.swift in Sources */ = {isa = PBXBuildFile; fileRef = B132126B2C989355005E5C11 /* DetailsPresenterTests.swift */; };
		B132126E2C989536005E5C11 /* DetailsFactoryTests.swift in Sources */ = {isa = PBXBuildFile; fileRef = B132126D2C989536005E5C11 /* DetailsFactoryTests.swift */; };
		B13212702C9895A9005E5C11 /* DetailsCoordinatorTests.swift in Sources */ = {isa = PBXBuildFile; fileRef = B132126F2C9895A9005E5C11 /* DetailsCoordinatorTests.swift */; };
		B14D75462C94C20E00E92E1E /* DetailsViewController.swift in Sources */ = {isa = PBXBuildFile; fileRef = B14D75452C94C20E00E92E1E /* DetailsViewController.swift */; };
		B14D75482C94C21700E92E1E /* DetailsInteractor.swift in Sources */ = {isa = PBXBuildFile; fileRef = B14D75472C94C21700E92E1E /* DetailsInteractor.swift */; };
		B14D754A2C94C22000E92E1E /* DetailsPresenter.swift in Sources */ = {isa = PBXBuildFile; fileRef = B14D75492C94C22000E92E1E /* DetailsPresenter.swift */; };
		B14D754C2C94C22700E92E1E /* DetailsCoordinator.swift in Sources */ = {isa = PBXBuildFile; fileRef = B14D754B2C94C22700E92E1E /* DetailsCoordinator.swift */; };
		B14D754E2C94C23200E92E1E /* DetailsFactory.swift in Sources */ = {isa = PBXBuildFile; fileRef = B14D754D2C94C23200E92E1E /* DetailsFactory.swift */; };
		B14D75502C94C5CB00E92E1E /* ListRequest.swift in Sources */ = {isa = PBXBuildFile; fileRef = B14D754F2C94C5CB00E92E1E /* ListRequest.swift */; };
		B14D75532C94C7CD00E92E1E /* ExchangeModel.swift in Sources */ = {isa = PBXBuildFile; fileRef = B14D75522C94C7CD00E92E1E /* ExchangeModel.swift */; };
		B19C010A2C93D48800DDF6E7 /* NetworkManager.swift in Sources */ = {isa = PBXBuildFile; fileRef = B19C01092C93D48800DDF6E7 /* NetworkManager.swift */; };
		B19C010C2C93D49100DDF6E7 /* Request.swift in Sources */ = {isa = PBXBuildFile; fileRef = B19C010B2C93D49100DDF6E7 /* Request.swift */; };
		B19C01102C93E8F600DDF6E7 /* ListViewController.swift in Sources */ = {isa = PBXBuildFile; fileRef = B19C010F2C93E8F600DDF6E7 /* ListViewController.swift */; };
		B19C01122C93E8FF00DDF6E7 /* ListInteractor.swift in Sources */ = {isa = PBXBuildFile; fileRef = B19C01112C93E8FF00DDF6E7 /* ListInteractor.swift */; };
		B19C01142C93E90500DDF6E7 /* ListPresenter.swift in Sources */ = {isa = PBXBuildFile; fileRef = B19C01132C93E90500DDF6E7 /* ListPresenter.swift */; };
		B19C01162C93E90C00DDF6E7 /* ListService.swift in Sources */ = {isa = PBXBuildFile; fileRef = B19C01152C93E90C00DDF6E7 /* ListService.swift */; };
		B19C01182C93E91200DDF6E7 /* ListCoordinator.swift in Sources */ = {isa = PBXBuildFile; fileRef = B19C01172C93E91200DDF6E7 /* ListCoordinator.swift */; };
		B19C011A2C93E91900DDF6E7 /* ListFactory.swift in Sources */ = {isa = PBXBuildFile; fileRef = B19C01192C93E91900DDF6E7 /* ListFactory.swift */; };
		B1C776742C922AE300365E07 /* AppDelegate.swift in Sources */ = {isa = PBXBuildFile; fileRef = B1C776732C922AE300365E07 /* AppDelegate.swift */; };
		B1C7767D2C922AE400365E07 /* Assets.xcassets in Resources */ = {isa = PBXBuildFile; fileRef = B1C7767C2C922AE400365E07 /* Assets.xcassets */; };
		B1C776802C922AE400365E07 /* Base in Resources */ = {isa = PBXBuildFile; fileRef = B1C7767F2C922AE400365E07 /* Base */; };
		B1C776952C922AE400365E07 /* CoinLibUITests.swift in Sources */ = {isa = PBXBuildFile; fileRef = B1C776942C922AE400365E07 /* CoinLibUITests.swift */; };
		B1D5647E2C96756400ECA99A /* NetworkManagerTests.swift in Sources */ = {isa = PBXBuildFile; fileRef = B1D5647D2C96756400ECA99A /* NetworkManagerTests.swift */; };
/* End PBXBuildFile section */

/* Begin PBXContainerItemProxy section */
		B1C776872C922AE400365E07 /* PBXContainerItemProxy */ = {
			isa = PBXContainerItemProxy;
			containerPortal = B1C776682C922AE300365E07 /* Project object */;
			proxyType = 1;
			remoteGlobalIDString = B1C7766F2C922AE300365E07;
			remoteInfo = CoinLib;
		};
		B1C776912C922AE400365E07 /* PBXContainerItemProxy */ = {
			isa = PBXContainerItemProxy;
			containerPortal = B1C776682C922AE300365E07 /* Project object */;
			proxyType = 1;
			remoteGlobalIDString = B1C7766F2C922AE300365E07;
			remoteInfo = CoinLib;
		};
/* End PBXContainerItemProxy section */

/* Begin PBXFileReference section */
		B10A79BD2C94CE6F0018B18F /* ViewConfiguration.swift */ = {isa = PBXFileReference; lastKnownFileType = sourcecode.swift; path = ViewConfiguration.swift; sourceTree = "<group>"; };
		B10A79C02C94CE8D0018B18F /* Space.swift */ = {isa = PBXFileReference; lastKnownFileType = sourcecode.swift; path = Space.swift; sourceTree = "<group>"; };
		B10A79C32C94CEB60018B18F /* Text.swift */ = {isa = PBXFileReference; lastKnownFileType = sourcecode.swift; path = Text.swift; sourceTree = "<group>"; };
		B10A79C52C94CECC0018B18F /* Font.swift */ = {isa = PBXFileReference; lastKnownFileType = sourcecode.swift; path = Font.swift; sourceTree = "<group>"; };
		B10A79C72C94CF070018B18F /* Strings.swift */ = {isa = PBXFileReference; lastKnownFileType = sourcecode.swift; path = Strings.swift; sourceTree = "<group>"; };
		B10A79CA2C94D1920018B18F /* ExchangeCell.swift */ = {isa = PBXFileReference; lastKnownFileType = sourcecode.swift; path = ExchangeCell.swift; sourceTree = "<group>"; };
		B10A79CD2C94D4740018B18F /* ExchangeViewModel.swift */ = {isa = PBXFileReference; lastKnownFileType = sourcecode.swift; path = ExchangeViewModel.swift; sourceTree = "<group>"; };
		B10A79D22C94DCE30018B18F /* ErrorView.swift */ = {isa = PBXFileReference; lastKnownFileType = sourcecode.swift; path = ErrorView.swift; sourceTree = "<group>"; };
		B1320EC12C98641D005E5C11 /* DecodableModel.swift */ = {isa = PBXFileReference; lastKnownFileType = sourcecode.swift; path = DecodableModel.swift; sourceTree = "<group>"; };
		B1320EC32C98646D005E5C11 /* RequestMock.swift */ = {isa = PBXFileReference; lastKnownFileType = sourcecode.swift; path = RequestMock.swift; sourceTree = "<group>"; };
		B1320EC82C986AEE005E5C11 /* ListInteractorTests.swift */ = {isa = PBXFileReference; lastKnownFileType = sourcecode.swift; path = ListInteractorTests.swift; sourceTree = "<group>"; };
		B1320ECA2C986C51005E5C11 /* ExchangeModel+Mocks.swift */ = {isa = PBXFileReference; lastKnownFileType = sourcecode.swift; path = "ExchangeModel+Mocks.swift"; sourceTree = "<group>"; };
		B1320ECC2C986D32005E5C11 /* ExchangeViewModel+Mocks.swift */ = {isa = PBXFileReference; lastKnownFileType = sourcecode.swift; path = "ExchangeViewModel+Mocks.swift"; sourceTree = "<group>"; };
		B1320ECE2C986E90005E5C11 /* ListPresenterTests.swift */ = {isa = PBXFileReference; lastKnownFileType = sourcecode.swift; path = ListPresenterTests.swift; sourceTree = "<group>"; };
		B1320ED02C9871D8005E5C11 /* ListCoordinatorTests.swift */ = {isa = PBXFileReference; lastKnownFileType = sourcecode.swift; path = ListCoordinatorTests.swift; sourceTree = "<group>"; };
		B13212612C987420005E5C11 /* NavigationControllerSpy.swift */ = {isa = PBXFileReference; lastKnownFileType = sourcecode.swift; path = NavigationControllerSpy.swift; sourceTree = "<group>"; };
		B13212632C9874E3005E5C11 /* ListFactoryTests.swift */ = {isa = PBXFileReference; lastKnownFileType = sourcecode.swift; path = ListFactoryTests.swift; sourceTree = "<group>"; };
		B13212652C98764B005E5C11 /* ListServiceTests.swift */ = {isa = PBXFileReference; lastKnownFileType = sourcecode.swift; path = ListServiceTests.swift; sourceTree = "<group>"; };
		B13212672C98766C005E5C11 /* NetworkSpy.swift */ = {isa = PBXFileReference; lastKnownFileType = sourcecode.swift; path = NetworkSpy.swift; sourceTree = "<group>"; };
		B13212692C989283005E5C11 /* DetailsInteractorTests.swift */ = {isa = PBXFileReference; lastKnownFileType = sourcecode.swift; path = DetailsInteractorTests.swift; sourceTree = "<group>"; };
		B132126B2C989355005E5C11 /* DetailsPresenterTests.swift */ = {isa = PBXFileReference; lastKnownFileType = sourcecode.swift; path = DetailsPresenterTests.swift; sourceTree = "<group>"; };
		B132126D2C989536005E5C11 /* DetailsFactoryTests.swift */ = {isa = PBXFileReference; lastKnownFileType = sourcecode.swift; path = DetailsFactoryTests.swift; sourceTree = "<group>"; };
		B132126F2C9895A9005E5C11 /* DetailsCoordinatorTests.swift */ = {isa = PBXFileReference; lastKnownFileType = sourcecode.swift; path = DetailsCoordinatorTests.swift; sourceTree = "<group>"; };
		B14D75452C94C20E00E92E1E /* DetailsViewController.swift */ = {isa = PBXFileReference; lastKnownFileType = sourcecode.swift; path = DetailsViewController.swift; sourceTree = "<group>"; };
		B14D75472C94C21700E92E1E /* DetailsInteractor.swift */ = {isa = PBXFileReference; lastKnownFileType = sourcecode.swift; path = DetailsInteractor.swift; sourceTree = "<group>"; };
		B14D75492C94C22000E92E1E /* DetailsPresenter.swift */ = {isa = PBXFileReference; lastKnownFileType = sourcecode.swift; path = DetailsPresenter.swift; sourceTree = "<group>"; };
		B14D754B2C94C22700E92E1E /* DetailsCoordinator.swift */ = {isa = PBXFileReference; lastKnownFileType = sourcecode.swift; path = DetailsCoordinator.swift; sourceTree = "<group>"; };
		B14D754D2C94C23200E92E1E /* DetailsFactory.swift */ = {isa = PBXFileReference; lastKnownFileType = sourcecode.swift; path = DetailsFactory.swift; sourceTree = "<group>"; };
		B14D754F2C94C5CB00E92E1E /* ListRequest.swift */ = {isa = PBXFileReference; lastKnownFileType = sourcecode.swift; path = ListRequest.swift; sourceTree = "<group>"; };
		B14D75522C94C7CD00E92E1E /* ExchangeModel.swift */ = {isa = PBXFileReference; lastKnownFileType = sourcecode.swift; path = ExchangeModel.swift; sourceTree = "<group>"; };
		B19C01092C93D48800DDF6E7 /* NetworkManager.swift */ = {isa = PBXFileReference; lastKnownFileType = sourcecode.swift; path = NetworkManager.swift; sourceTree = "<group>"; };
		B19C010B2C93D49100DDF6E7 /* Request.swift */ = {isa = PBXFileReference; lastKnownFileType = sourcecode.swift; path = Request.swift; sourceTree = "<group>"; };
		B19C010F2C93E8F600DDF6E7 /* ListViewController.swift */ = {isa = PBXFileReference; lastKnownFileType = sourcecode.swift; path = ListViewController.swift; sourceTree = "<group>"; };
		B19C01112C93E8FF00DDF6E7 /* ListInteractor.swift */ = {isa = PBXFileReference; lastKnownFileType = sourcecode.swift; path = ListInteractor.swift; sourceTree = "<group>"; };
		B19C01132C93E90500DDF6E7 /* ListPresenter.swift */ = {isa = PBXFileReference; lastKnownFileType = sourcecode.swift; path = ListPresenter.swift; sourceTree = "<group>"; };
		B19C01152C93E90C00DDF6E7 /* ListService.swift */ = {isa = PBXFileReference; lastKnownFileType = sourcecode.swift; path = ListService.swift; sourceTree = "<group>"; };
		B19C01172C93E91200DDF6E7 /* ListCoordinator.swift */ = {isa = PBXFileReference; lastKnownFileType = sourcecode.swift; path = ListCoordinator.swift; sourceTree = "<group>"; };
		B19C01192C93E91900DDF6E7 /* ListFactory.swift */ = {isa = PBXFileReference; lastKnownFileType = sourcecode.swift; path = ListFactory.swift; sourceTree = "<group>"; };
		B1C776702C922AE300365E07 /* CoinLib.app */ = {isa = PBXFileReference; explicitFileType = wrapper.application; includeInIndex = 0; path = CoinLib.app; sourceTree = BUILT_PRODUCTS_DIR; };
		B1C776732C922AE300365E07 /* AppDelegate.swift */ = {isa = PBXFileReference; lastKnownFileType = sourcecode.swift; path = AppDelegate.swift; sourceTree = "<group>"; };
		B1C7767C2C922AE400365E07 /* Assets.xcassets */ = {isa = PBXFileReference; lastKnownFileType = folder.assetcatalog; path = Assets.xcassets; sourceTree = "<group>"; };
		B1C7767F2C922AE400365E07 /* Base */ = {isa = PBXFileReference; lastKnownFileType = file.storyboard; name = Base; path = Base.lproj/LaunchScreen.storyboard; sourceTree = "<group>"; };
		B1C776812C922AE400365E07 /* Info.plist */ = {isa = PBXFileReference; lastKnownFileType = text.plist.xml; path = Info.plist; sourceTree = "<group>"; };
		B1C776862C922AE400365E07 /* CoinLibTests.xctest */ = {isa = PBXFileReference; explicitFileType = wrapper.cfbundle; includeInIndex = 0; path = CoinLibTests.xctest; sourceTree = BUILT_PRODUCTS_DIR; };
		B1C776902C922AE400365E07 /* CoinLibUITests.xctest */ = {isa = PBXFileReference; explicitFileType = wrapper.cfbundle; includeInIndex = 0; path = CoinLibUITests.xctest; sourceTree = BUILT_PRODUCTS_DIR; };
		B1C776942C922AE400365E07 /* CoinLibUITests.swift */ = {isa = PBXFileReference; lastKnownFileType = sourcecode.swift; path = CoinLibUITests.swift; sourceTree = "<group>"; };
		B1D5647D2C96756400ECA99A /* NetworkManagerTests.swift */ = {isa = PBXFileReference; lastKnownFileType = sourcecode.swift; path = NetworkManagerTests.swift; sourceTree = "<group>"; };
/* End PBXFileReference section */

/* Begin PBXFrameworksBuildPhase section */
		B1C7766D2C922AE300365E07 /* Frameworks */ = {
			isa = PBXFrameworksBuildPhase;
			buildActionMask = 2147483647;
			files = (
			);
			runOnlyForDeploymentPostprocessing = 0;
		};
		B1C776832C922AE400365E07 /* Frameworks */ = {
			isa = PBXFrameworksBuildPhase;
			buildActionMask = 2147483647;
			files = (
			);
			runOnlyForDeploymentPostprocessing = 0;
		};
		B1C7768D2C922AE400365E07 /* Frameworks */ = {
			isa = PBXFrameworksBuildPhase;
			buildActionMask = 2147483647;
			files = (
			);
			runOnlyForDeploymentPostprocessing = 0;
		};
/* End PBXFrameworksBuildPhase section */

/* Begin PBXGroup section */
		B10A79BC2C94CE610018B18F /* UI */ = {
			isa = PBXGroup;
			children = (
				B10A79C22C94CEAD0018B18F /* Components */,
				B10A79BD2C94CE6F0018B18F /* ViewConfiguration.swift */,
			);
			path = UI;
			sourceTree = "<group>";
		};
		B10A79BF2C94CE870018B18F /* Commons */ = {
			isa = PBXGroup;
			children = (
				B10A79C02C94CE8D0018B18F /* Space.swift */,
				B10A79C52C94CECC0018B18F /* Font.swift */,
				B10A79C72C94CF070018B18F /* Strings.swift */,
			);
			path = Commons;
			sourceTree = "<group>";
		};
		B10A79C22C94CEAD0018B18F /* Components */ = {
			isa = PBXGroup;
			children = (
				B10A79C32C94CEB60018B18F /* Text.swift */,
				B10A79D22C94DCE30018B18F /* ErrorView.swift */,
			);
			path = Components;
			sourceTree = "<group>";
		};
		B10A79C92C94D15B0018B18F /* Views */ = {
			isa = PBXGroup;
			children = (
				B10A79CC2C94D4590018B18F /* ExchangeCell */,
			);
			path = Views;
			sourceTree = "<group>";
		};
		B10A79CC2C94D4590018B18F /* ExchangeCell */ = {
			isa = PBXGroup;
			children = (
				B10A79CA2C94D1920018B18F /* ExchangeCell.swift */,
				B10A79CD2C94D4740018B18F /* ExchangeViewModel.swift */,
			);
			path = ExchangeCell;
			sourceTree = "<group>";
		};
		B1320EC02C98640D005E5C11 /* Mocks */ = {
			isa = PBXGroup;
			children = (
				B1320EC12C98641D005E5C11 /* DecodableModel.swift */,
				B1320EC32C98646D005E5C11 /* RequestMock.swift */,
				B1320ECA2C986C51005E5C11 /* ExchangeModel+Mocks.swift */,
				B1320ECC2C986D32005E5C11 /* ExchangeViewModel+Mocks.swift */,
			);
			path = Mocks;
			sourceTree = "<group>";
		};
		B1320EC52C986996005E5C11 /* Scenes */ = {
			isa = PBXGroup;
			children = (
				B1320EC72C9869AB005E5C11 /* Details */,
				B1320EC62C9869A7005E5C11 /* List */,
			);
			path = Scenes;
			sourceTree = "<group>";
		};
		B1320EC62C9869A7005E5C11 /* List */ = {
			isa = PBXGroup;
			children = (
				B1320EC82C986AEE005E5C11 /* ListInteractorTests.swift */,
				B1320ECE2C986E90005E5C11 /* ListPresenterTests.swift */,
				B1320ED02C9871D8005E5C11 /* ListCoordinatorTests.swift */,
				B13212632C9874E3005E5C11 /* ListFactoryTests.swift */,
				B13212652C98764B005E5C11 /* ListServiceTests.swift */,
			);
			path = List;
			sourceTree = "<group>";
		};
		B1320EC72C9869AB005E5C11 /* Details */ = {
			isa = PBXGroup;
			children = (
				B13212692C989283005E5C11 /* DetailsInteractorTests.swift */,
				B132126B2C989355005E5C11 /* DetailsPresenterTests.swift */,
				B132126D2C989536005E5C11 /* DetailsFactoryTests.swift */,
				B132126F2C9895A9005E5C11 /* DetailsCoordinatorTests.swift */,
			);
			path = Details;
			sourceTree = "<group>";
		};
		B13212602C987308005E5C11 /* Spies */ = {
			isa = PBXGroup;
			children = (
				B13212612C987420005E5C11 /* NavigationControllerSpy.swift */,
				B13212672C98766C005E5C11 /* NetworkSpy.swift */,
			);
			path = Spies;
			sourceTree = "<group>";
		};
		B14D75512C94C78400E92E1E /* Model */ = {
			isa = PBXGroup;
			children = (
				B14D75522C94C7CD00E92E1E /* ExchangeModel.swift */,
			);
			path = Model;
			sourceTree = "<group>";
		};
		B19C01032C939EE100DDF6E7 /* Scenes */ = {
			isa = PBXGroup;
			children = (
				B19C010E2C93E8AC00DDF6E7 /* Details */,
				B19C010D2C93E8A600DDF6E7 /* List */,
			);
			path = Scenes;
			sourceTree = "<group>";
		};
		B19C01042C93A02200DDF6E7 /* AppConfiguration */ = {
			isa = PBXGroup;
			children = (
				B1C7767E2C922AE400365E07 /* LaunchScreen.storyboard */,
				B1C776812C922AE400365E07 /* Info.plist */,
				B1C776732C922AE300365E07 /* AppDelegate.swift */,
			);
			path = AppConfiguration;
			sourceTree = "<group>";
		};
		B19C01052C93A07100DDF6E7 /* Resources */ = {
			isa = PBXGroup;
			children = (
				B1C7767C2C922AE400365E07 /* Assets.xcassets */,
			);
			path = Resources;
			sourceTree = "<group>";
		};
		B19C01072C93D46F00DDF6E7 /* Network */ = {
			isa = PBXGroup;
			children = (
				B19C01082C93D47400DDF6E7 /* Requests */,
				B19C01092C93D48800DDF6E7 /* NetworkManager.swift */,
				B19C010B2C93D49100DDF6E7 /* Request.swift */,
			);
			path = Network;
			sourceTree = "<group>";
		};
		B19C01082C93D47400DDF6E7 /* Requests */ = {
			isa = PBXGroup;
			children = (
				B14D754F2C94C5CB00E92E1E /* ListRequest.swift */,
			);
			path = Requests;
			sourceTree = "<group>";
		};
		B19C010D2C93E8A600DDF6E7 /* List */ = {
			isa = PBXGroup;
			children = (
				B10A79C92C94D15B0018B18F /* Views */,
				B14D75512C94C78400E92E1E /* Model */,
				B19C010F2C93E8F600DDF6E7 /* ListViewController.swift */,
				B19C01112C93E8FF00DDF6E7 /* ListInteractor.swift */,
				B19C01132C93E90500DDF6E7 /* ListPresenter.swift */,
				B19C01152C93E90C00DDF6E7 /* ListService.swift */,
				B19C01172C93E91200DDF6E7 /* ListCoordinator.swift */,
				B19C01192C93E91900DDF6E7 /* ListFactory.swift */,
			);
			path = List;
			sourceTree = "<group>";
		};
		B19C010E2C93E8AC00DDF6E7 /* Details */ = {
			isa = PBXGroup;
			children = (
				B14D75452C94C20E00E92E1E /* DetailsViewController.swift */,
				B14D75472C94C21700E92E1E /* DetailsInteractor.swift */,
				B14D75492C94C22000E92E1E /* DetailsPresenter.swift */,
				B14D754B2C94C22700E92E1E /* DetailsCoordinator.swift */,
				B14D754D2C94C23200E92E1E /* DetailsFactory.swift */,
			);
			path = Details;
			sourceTree = "<group>";
		};
		B1C776672C922AE300365E07 = {
			isa = PBXGroup;
			children = (
				B1C776722C922AE300365E07 /* CoinLib */,
				B1C776892C922AE400365E07 /* CoinLibTests */,
				B1C776932C922AE400365E07 /* CoinLibUITests */,
				B1C776712C922AE300365E07 /* Products */,
			);
			sourceTree = "<group>";
		};
		B1C776712C922AE300365E07 /* Products */ = {
			isa = PBXGroup;
			children = (
				B1C776702C922AE300365E07 /* CoinLib.app */,
				B1C776862C922AE400365E07 /* CoinLibTests.xctest */,
				B1C776902C922AE400365E07 /* CoinLibUITests.xctest */,
			);
			name = Products;
			sourceTree = "<group>";
		};
		B1C776722C922AE300365E07 /* CoinLib */ = {
			isa = PBXGroup;
			children = (
				B10A79BF2C94CE870018B18F /* Commons */,
				B10A79BC2C94CE610018B18F /* UI */,
				B19C01072C93D46F00DDF6E7 /* Network */,
				B19C01052C93A07100DDF6E7 /* Resources */,
				B19C01042C93A02200DDF6E7 /* AppConfiguration */,
				B19C01032C939EE100DDF6E7 /* Scenes */,
			);
			path = CoinLib;
			sourceTree = "<group>";
		};
		B1C776892C922AE400365E07 /* CoinLibTests */ = {
			isa = PBXGroup;
			children = (
				B13212602C987308005E5C11 /* Spies */,
				B1320EC52C986996005E5C11 /* Scenes */,
				B1320EC02C98640D005E5C11 /* Mocks */,
				B1D5647C2C96755300ECA99A /* Network */,
			);
			path = CoinLibTests;
			sourceTree = "<group>";
		};
		B1C776932C922AE400365E07 /* CoinLibUITests */ = {
			isa = PBXGroup;
			children = (
				B1C776942C922AE400365E07 /* CoinLibUITests.swift */,
			);
			path = CoinLibUITests;
			sourceTree = "<group>";
		};
		B1D5647C2C96755300ECA99A /* Network */ = {
			isa = PBXGroup;
			children = (
				B1D5647D2C96756400ECA99A /* NetworkManagerTests.swift */,
			);
			path = Network;
			sourceTree = "<group>";
		};
/* End PBXGroup section */

/* Begin PBXNativeTarget section */
		B1C7766F2C922AE300365E07 /* CoinLib */ = {
			isa = PBXNativeTarget;
			buildConfigurationList = B1C7769A2C922AE400365E07 /* Build configuration list for PBXNativeTarget "CoinLib" */;
			buildPhases = (
				B1C7766C2C922AE300365E07 /* Sources */,
				B1C7766D2C922AE300365E07 /* Frameworks */,
				B1C7766E2C922AE300365E07 /* Resources */,
			);
			buildRules = (
			);
			dependencies = (
			);
			name = CoinLib;
			packageProductDependencies = (
			);
			productName = CoinLib;
			productReference = B1C776702C922AE300365E07 /* CoinLib.app */;
			productType = "com.apple.product-type.application";
		};
		B1C776852C922AE400365E07 /* CoinLibTests */ = {
			isa = PBXNativeTarget;
			buildConfigurationList = B1C7769D2C922AE400365E07 /* Build configuration list for PBXNativeTarget "CoinLibTests" */;
			buildPhases = (
				B1C776822C922AE400365E07 /* Sources */,
				B1C776832C922AE400365E07 /* Frameworks */,
				B1C776842C922AE400365E07 /* Resources */,
			);
			buildRules = (
			);
			dependencies = (
				B1C776882C922AE400365E07 /* PBXTargetDependency */,
			);
			name = CoinLibTests;
			productName = CoinLibTests;
			productReference = B1C776862C922AE400365E07 /* CoinLibTests.xctest */;
			productType = "com.apple.product-type.bundle.unit-test";
		};
		B1C7768F2C922AE400365E07 /* CoinLibUITests */ = {
			isa = PBXNativeTarget;
			buildConfigurationList = B1C776A02C922AE400365E07 /* Build configuration list for PBXNativeTarget "CoinLibUITests" */;
			buildPhases = (
				B1C7768C2C922AE400365E07 /* Sources */,
				B1C7768D2C922AE400365E07 /* Frameworks */,
				B1C7768E2C922AE400365E07 /* Resources */,
			);
			buildRules = (
			);
			dependencies = (
				B1C776922C922AE400365E07 /* PBXTargetDependency */,
			);
			name = CoinLibUITests;
			productName = CoinLibUITests;
			productReference = B1C776902C922AE400365E07 /* CoinLibUITests.xctest */;
			productType = "com.apple.product-type.bundle.ui-testing";
		};
/* End PBXNativeTarget section */

/* Begin PBXProject section */
		B1C776682C922AE300365E07 /* Project object */ = {
			isa = PBXProject;
			attributes = {
				BuildIndependentTargetsInParallel = 1;
				LastSwiftUpdateCheck = 1540;
				LastUpgradeCheck = 1540;
				TargetAttributes = {
					B1C7766F2C922AE300365E07 = {
						CreatedOnToolsVersion = 15.4;
					};
					B1C776852C922AE400365E07 = {
						CreatedOnToolsVersion = 15.4;
						TestTargetID = B1C7766F2C922AE300365E07;
					};
					B1C7768F2C922AE400365E07 = {
						CreatedOnToolsVersion = 15.4;
						TestTargetID = B1C7766F2C922AE300365E07;
					};
				};
			};
			buildConfigurationList = B1C7766B2C922AE300365E07 /* Build configuration list for PBXProject "CoinLib" */;
			compatibilityVersion = "Xcode 14.0";
			developmentRegion = en;
			hasScannedForEncodings = 0;
			knownRegions = (
				en,
				Base,
			);
			mainGroup = B1C776672C922AE300365E07;
			packageReferences = (
			);
			productRefGroup = B1C776712C922AE300365E07 /* Products */;
			projectDirPath = "";
			projectRoot = "";
			targets = (
				B1C7766F2C922AE300365E07 /* CoinLib */,
				B1C776852C922AE400365E07 /* CoinLibTests */,
				B1C7768F2C922AE400365E07 /* CoinLibUITests */,
			);
		};
/* End PBXProject section */

/* Begin PBXResourcesBuildPhase section */
		B1C7766E2C922AE300365E07 /* Resources */ = {
			isa = PBXResourcesBuildPhase;
			buildActionMask = 2147483647;
			files = (
				B1C7767D2C922AE400365E07 /* Assets.xcassets in Resources */,
				B1C776802C922AE400365E07 /* Base in Resources */,
			);
			runOnlyForDeploymentPostprocessing = 0;
		};
		B1C776842C922AE400365E07 /* Resources */ = {
			isa = PBXResourcesBuildPhase;
			buildActionMask = 2147483647;
			files = (
			);
			runOnlyForDeploymentPostprocessing = 0;
		};
		B1C7768E2C922AE400365E07 /* Resources */ = {
			isa = PBXResourcesBuildPhase;
			buildActionMask = 2147483647;
			files = (
			);
			runOnlyForDeploymentPostprocessing = 0;
		};
/* End PBXResourcesBuildPhase section */

/* Begin PBXSourcesBuildPhase section */
		B1C7766C2C922AE300365E07 /* Sources */ = {
			isa = PBXSourcesBuildPhase;
			buildActionMask = 2147483647;
			files = (
				B10A79CB2C94D1920018B18F /* ExchangeCell.swift in Sources */,
				B19C011A2C93E91900DDF6E7 /* ListFactory.swift in Sources */,
				B19C01182C93E91200DDF6E7 /* ListCoordinator.swift in Sources */,
				B14D75532C94C7CD00E92E1E /* ExchangeModel.swift in Sources */,
				B19C01122C93E8FF00DDF6E7 /* ListInteractor.swift in Sources */,
				B14D754C2C94C22700E92E1E /* DetailsCoordinator.swift in Sources */,
				B10A79BE2C94CE6F0018B18F /* ViewConfiguration.swift in Sources */,
				B10A79D32C94DCE30018B18F /* ErrorView.swift in Sources */,
				B10A79C42C94CEB60018B18F /* Text.swift in Sources */,
				B19C01162C93E90C00DDF6E7 /* ListService.swift in Sources */,
				B14D754E2C94C23200E92E1E /* DetailsFactory.swift in Sources */,
				B10A79C12C94CE8D0018B18F /* Space.swift in Sources */,
				B19C010A2C93D48800DDF6E7 /* NetworkManager.swift in Sources */,
				B19C010C2C93D49100DDF6E7 /* Request.swift in Sources */,
				B10A79C62C94CECC0018B18F /* Font.swift in Sources */,
				B10A79C82C94CF070018B18F /* Strings.swift in Sources */,
				B19C01102C93E8F600DDF6E7 /* ListViewController.swift in Sources */,
				B14D75502C94C5CB00E92E1E /* ListRequest.swift in Sources */,
				B19C01142C93E90500DDF6E7 /* ListPresenter.swift in Sources */,
				B1C776742C922AE300365E07 /* AppDelegate.swift in Sources */,
				B14D75482C94C21700E92E1E /* DetailsInteractor.swift in Sources */,
				B14D75462C94C20E00E92E1E /* DetailsViewController.swift in Sources */,
				B14D754A2C94C22000E92E1E /* DetailsPresenter.swift in Sources */,
				B10A79CE2C94D4740018B18F /* ExchangeViewModel.swift in Sources */,
			);
			runOnlyForDeploymentPostprocessing = 0;
		};
		B1C776822C922AE400365E07 /* Sources */ = {
			isa = PBXSourcesBuildPhase;
			buildActionMask = 2147483647;
			files = (
				B1320ED12C9871D8005E5C11 /* ListCoordinatorTests.swift in Sources */,
				B1320ECB2C986C51005E5C11 /* ExchangeModel+Mocks.swift in Sources */,
				B1320ECD2C986D32005E5C11 /* ExchangeViewModel+Mocks.swift in Sources */,
				B1D5647E2C96756400ECA99A /* NetworkManagerTests.swift in Sources */,
				B1320EC22C98641D005E5C11 /* DecodableModel.swift in Sources */,
				B13212702C9895A9005E5C11 /* DetailsCoordinatorTests.swift in Sources */,
				B132126E2C989536005E5C11 /* DetailsFactoryTests.swift in Sources */,
				B132126A2C989284005E5C11 /* DetailsInteractorTests.swift in Sources */,
				B1320ECF2C986E90005E5C11 /* ListPresenterTests.swift in Sources */,
				B13212642C9874E3005E5C11 /* ListFactoryTests.swift in Sources */,
				B13212622C987420005E5C11 /* NavigationControllerSpy.swift in Sources */,
				B13212662C98764B005E5C11 /* ListServiceTests.swift in Sources */,
				B13212682C98766C005E5C11 /* NetworkSpy.swift in Sources */,
				B132126C2C989355005E5C11 /* DetailsPresenterTests.swift in Sources */,
				B1320EC92C986AEE005E5C11 /* ListInteractorTests.swift in Sources */,
				B1320EC42C98646D005E5C11 /* RequestMock.swift in Sources */,
			);
			runOnlyForDeploymentPostprocessing = 0;
		};
		B1C7768C2C922AE400365E07 /* Sources */ = {
			isa = PBXSourcesBuildPhase;
			buildActionMask = 2147483647;
			files = (
				B1C776952C922AE400365E07 /* CoinLibUITests.swift in Sources */,
			);
			runOnlyForDeploymentPostprocessing = 0;
		};
/* End PBXSourcesBuildPhase section */

/* Begin PBXTargetDependency section */
		B1C776882C922AE400365E07 /* PBXTargetDependency */ = {
			isa = PBXTargetDependency;
			target = B1C7766F2C922AE300365E07 /* CoinLib */;
			targetProxy = B1C776872C922AE400365E07 /* PBXContainerItemProxy */;
		};
		B1C776922C922AE400365E07 /* PBXTargetDependency */ = {
			isa = PBXTargetDependency;
			target = B1C7766F2C922AE300365E07 /* CoinLib */;
			targetProxy = B1C776912C922AE400365E07 /* PBXContainerItemProxy */;
		};
/* End PBXTargetDependency section */

/* Begin PBXVariantGroup section */
		B1C7767E2C922AE400365E07 /* LaunchScreen.storyboard */ = {
			isa = PBXVariantGroup;
			children = (
				B1C7767F2C922AE400365E07 /* Base */,
			);
			name = LaunchScreen.storyboard;
			sourceTree = "<group>";
		};
/* End PBXVariantGroup section */

/* Begin XCBuildConfiguration section */
		B1C776982C922AE400365E07 /* Debug */ = {
			isa = XCBuildConfiguration;
			buildSettings = {
				ALWAYS_SEARCH_USER_PATHS = NO;
				ASSETCATALOG_COMPILER_GENERATE_SWIFT_ASSET_SYMBOL_EXTENSIONS = YES;
				CLANG_ANALYZER_NONNULL = YES;
				CLANG_ANALYZER_NUMBER_OBJECT_CONVERSION = YES_AGGRESSIVE;
				CLANG_CXX_LANGUAGE_STANDARD = "gnu++20";
				CLANG_ENABLE_MODULES = YES;
				CLANG_ENABLE_OBJC_ARC = YES;
				CLANG_ENABLE_OBJC_WEAK = YES;
				CLANG_WARN_BLOCK_CAPTURE_AUTORELEASING = YES;
				CLANG_WARN_BOOL_CONVERSION = YES;
				CLANG_WARN_COMMA = YES;
				CLANG_WARN_CONSTANT_CONVERSION = YES;
				CLANG_WARN_DEPRECATED_OBJC_IMPLEMENTATIONS = YES;
				CLANG_WARN_DIRECT_OBJC_ISA_USAGE = YES_ERROR;
				CLANG_WARN_DOCUMENTATION_COMMENTS = YES;
				CLANG_WARN_EMPTY_BODY = YES;
				CLANG_WARN_ENUM_CONVERSION = YES;
				CLANG_WARN_INFINITE_RECURSION = YES;
				CLANG_WARN_INT_CONVERSION = YES;
				CLANG_WARN_NON_LITERAL_NULL_CONVERSION = YES;
				CLANG_WARN_OBJC_IMPLICIT_RETAIN_SELF = YES;
				CLANG_WARN_OBJC_LITERAL_CONVERSION = YES;
				CLANG_WARN_OBJC_ROOT_CLASS = YES_ERROR;
				CLANG_WARN_QUOTED_INCLUDE_IN_FRAMEWORK_HEADER = YES;
				CLANG_WARN_RANGE_LOOP_ANALYSIS = YES;
				CLANG_WARN_STRICT_PROTOTYPES = YES;
				CLANG_WARN_SUSPICIOUS_MOVE = YES;
				CLANG_WARN_UNGUARDED_AVAILABILITY = YES_AGGRESSIVE;
				CLANG_WARN_UNREACHABLE_CODE = YES;
				CLANG_WARN__DUPLICATE_METHOD_MATCH = YES;
				COPY_PHASE_STRIP = NO;
				DEBUG_INFORMATION_FORMAT = dwarf;
				ENABLE_STRICT_OBJC_MSGSEND = YES;
				ENABLE_TESTABILITY = YES;
				ENABLE_USER_SCRIPT_SANDBOXING = YES;
				GCC_C_LANGUAGE_STANDARD = gnu17;
				GCC_DYNAMIC_NO_PIC = NO;
				GCC_NO_COMMON_BLOCKS = YES;
				GCC_OPTIMIZATION_LEVEL = 0;
				GCC_PREPROCESSOR_DEFINITIONS = (
					"DEBUG=1",
					"$(inherited)",
				);
				GCC_WARN_64_TO_32_BIT_CONVERSION = YES;
				GCC_WARN_ABOUT_RETURN_TYPE = YES_ERROR;
				GCC_WARN_UNDECLARED_SELECTOR = YES;
				GCC_WARN_UNINITIALIZED_AUTOS = YES_AGGRESSIVE;
				GCC_WARN_UNUSED_FUNCTION = YES;
				GCC_WARN_UNUSED_VARIABLE = YES;
				IPHONEOS_DEPLOYMENT_TARGET = 17.5;
				LOCALIZATION_PREFERS_STRING_CATALOGS = YES;
				MTL_ENABLE_DEBUG_INFO = INCLUDE_SOURCE;
				MTL_FAST_MATH = YES;
				ONLY_ACTIVE_ARCH = YES;
				SDKROOT = iphoneos;
				SWIFT_ACTIVE_COMPILATION_CONDITIONS = "DEBUG $(inherited)";
				SWIFT_OPTIMIZATION_LEVEL = "-Onone";
			};
			name = Debug;
		};
		B1C776992C922AE400365E07 /* Release */ = {
			isa = XCBuildConfiguration;
			buildSettings = {
				ALWAYS_SEARCH_USER_PATHS = NO;
				ASSETCATALOG_COMPILER_GENERATE_SWIFT_ASSET_SYMBOL_EXTENSIONS = YES;
				CLANG_ANALYZER_NONNULL = YES;
				CLANG_ANALYZER_NUMBER_OBJECT_CONVERSION = YES_AGGRESSIVE;
				CLANG_CXX_LANGUAGE_STANDARD = "gnu++20";
				CLANG_ENABLE_MODULES = YES;
				CLANG_ENABLE_OBJC_ARC = YES;
				CLANG_ENABLE_OBJC_WEAK = YES;
				CLANG_WARN_BLOCK_CAPTURE_AUTORELEASING = YES;
				CLANG_WARN_BOOL_CONVERSION = YES;
				CLANG_WARN_COMMA = YES;
				CLANG_WARN_CONSTANT_CONVERSION = YES;
				CLANG_WARN_DEPRECATED_OBJC_IMPLEMENTATIONS = YES;
				CLANG_WARN_DIRECT_OBJC_ISA_USAGE = YES_ERROR;
				CLANG_WARN_DOCUMENTATION_COMMENTS = YES;
				CLANG_WARN_EMPTY_BODY = YES;
				CLANG_WARN_ENUM_CONVERSION = YES;
				CLANG_WARN_INFINITE_RECURSION = YES;
				CLANG_WARN_INT_CONVERSION = YES;
				CLANG_WARN_NON_LITERAL_NULL_CONVERSION = YES;
				CLANG_WARN_OBJC_IMPLICIT_RETAIN_SELF = YES;
				CLANG_WARN_OBJC_LITERAL_CONVERSION = YES;
				CLANG_WARN_OBJC_ROOT_CLASS = YES_ERROR;
				CLANG_WARN_QUOTED_INCLUDE_IN_FRAMEWORK_HEADER = YES;
				CLANG_WARN_RANGE_LOOP_ANALYSIS = YES;
				CLANG_WARN_STRICT_PROTOTYPES = YES;
				CLANG_WARN_SUSPICIOUS_MOVE = YES;
				CLANG_WARN_UNGUARDED_AVAILABILITY = YES_AGGRESSIVE;
				CLANG_WARN_UNREACHABLE_CODE = YES;
				CLANG_WARN__DUPLICATE_METHOD_MATCH = YES;
				COPY_PHASE_STRIP = NO;
				DEBUG_INFORMATION_FORMAT = "dwarf-with-dsym";
				ENABLE_NS_ASSERTIONS = NO;
				ENABLE_STRICT_OBJC_MSGSEND = YES;
				ENABLE_USER_SCRIPT_SANDBOXING = YES;
				GCC_C_LANGUAGE_STANDARD = gnu17;
				GCC_NO_COMMON_BLOCKS = YES;
				GCC_WARN_64_TO_32_BIT_CONVERSION = YES;
				GCC_WARN_ABOUT_RETURN_TYPE = YES_ERROR;
				GCC_WARN_UNDECLARED_SELECTOR = YES;
				GCC_WARN_UNINITIALIZED_AUTOS = YES_AGGRESSIVE;
				GCC_WARN_UNUSED_FUNCTION = YES;
				GCC_WARN_UNUSED_VARIABLE = YES;
				IPHONEOS_DEPLOYMENT_TARGET = 17.5;
				LOCALIZATION_PREFERS_STRING_CATALOGS = YES;
				MTL_ENABLE_DEBUG_INFO = NO;
				MTL_FAST_MATH = YES;
				SDKROOT = iphoneos;
				SWIFT_COMPILATION_MODE = wholemodule;
				VALIDATE_PRODUCT = YES;
			};
			name = Release;
		};
		B1C7769B2C922AE400365E07 /* Debug */ = {
			isa = XCBuildConfiguration;
			buildSettings = {
				ASSETCATALOG_COMPILER_APPICON_NAME = AppIcon;
				ASSETCATALOG_COMPILER_GLOBAL_ACCENT_COLOR_NAME = AccentColor;
				CODE_SIGN_STYLE = Automatic;
				CURRENT_PROJECT_VERSION = 1;
				GENERATE_INFOPLIST_FILE = YES;
				INFOPLIST_FILE = CoinLib/AppConfiguration/Info.plist;
				INFOPLIST_KEY_UIApplicationSupportsIndirectInputEvents = YES;
				INFOPLIST_KEY_UILaunchStoryboardName = LaunchScreen;
				INFOPLIST_KEY_UISupportedInterfaceOrientations_iPad = "UIInterfaceOrientationPortrait UIInterfaceOrientationPortraitUpsideDown UIInterfaceOrientationLandscapeLeft UIInterfaceOrientationLandscapeRight";
				INFOPLIST_KEY_UISupportedInterfaceOrientations_iPhone = "UIInterfaceOrientationPortrait UIInterfaceOrientationLandscapeLeft UIInterfaceOrientationLandscapeRight";
				LD_RUNPATH_SEARCH_PATHS = (
					"$(inherited)",
					"@executable_path/Frameworks",
				);
				MARKETING_VERSION = 1.0;
				PRODUCT_BUNDLE_IDENTIFIER = miguelbarone.CoinLib;
				PRODUCT_NAME = "$(TARGET_NAME)";
				SWIFT_EMIT_LOC_STRINGS = YES;
				SWIFT_VERSION = 5.0;
				TARGETED_DEVICE_FAMILY = "1,2";
			};
			name = Debug;
		};
		B1C7769C2C922AE400365E07 /* Release */ = {
			isa = XCBuildConfiguration;
			buildSettings = {
				ASSETCATALOG_COMPILER_APPICON_NAME = AppIcon;
				ASSETCATALOG_COMPILER_GLOBAL_ACCENT_COLOR_NAME = AccentColor;
				CODE_SIGN_STYLE = Automatic;
				CURRENT_PROJECT_VERSION = 1;
				GENERATE_INFOPLIST_FILE = YES;
				INFOPLIST_FILE = CoinLib/AppConfiguration/Info.plist;
				INFOPLIST_KEY_UIApplicationSupportsIndirectInputEvents = YES;
				INFOPLIST_KEY_UILaunchStoryboardName = LaunchScreen;
				INFOPLIST_KEY_UISupportedInterfaceOrientations_iPad = "UIInterfaceOrientationPortrait UIInterfaceOrientationPortraitUpsideDown UIInterfaceOrientationLandscapeLeft UIInterfaceOrientationLandscapeRight";
				INFOPLIST_KEY_UISupportedInterfaceOrientations_iPhone = "UIInterfaceOrientationPortrait UIInterfaceOrientationLandscapeLeft UIInterfaceOrientationLandscapeRight";
				LD_RUNPATH_SEARCH_PATHS = (
					"$(inherited)",
					"@executable_path/Frameworks",
				);
				MARKETING_VERSION = 1.0;
				PRODUCT_BUNDLE_IDENTIFIER = miguelbarone.CoinLib;
				PRODUCT_NAME = "$(TARGET_NAME)";
				SWIFT_EMIT_LOC_STRINGS = YES;
				SWIFT_VERSION = 5.0;
				TARGETED_DEVICE_FAMILY = "1,2";
			};
			name = Release;
		};
		B1C7769E2C922AE400365E07 /* Debug */ = {
			isa = XCBuildConfiguration;
			buildSettings = {
				ALWAYS_EMBED_SWIFT_STANDARD_LIBRARIES = YES;
				BUNDLE_LOADER = "$(TEST_HOST)";
				CODE_SIGN_STYLE = Automatic;
				CURRENT_PROJECT_VERSION = 1;
				GENERATE_INFOPLIST_FILE = YES;
				IPHONEOS_DEPLOYMENT_TARGET = 17.5;
				MARKETING_VERSION = 1.0;
				PRODUCT_BUNDLE_IDENTIFIER = miguelbarone.CoinLibTests;
				PRODUCT_NAME = "$(TARGET_NAME)";
				SWIFT_EMIT_LOC_STRINGS = NO;
				SWIFT_VERSION = 5.0;
				TARGETED_DEVICE_FAMILY = "1,2";
				TEST_HOST = "$(BUILT_PRODUCTS_DIR)/CoinLib.app/$(BUNDLE_EXECUTABLE_FOLDER_PATH)/CoinLib";
			};
			name = Debug;
		};
		B1C7769F2C922AE400365E07 /* Release */ = {
			isa = XCBuildConfiguration;
			buildSettings = {
				ALWAYS_EMBED_SWIFT_STANDARD_LIBRARIES = YES;
				BUNDLE_LOADER = "$(TEST_HOST)";
				CODE_SIGN_STYLE = Automatic;
				CURRENT_PROJECT_VERSION = 1;
				GENERATE_INFOPLIST_FILE = YES;
				IPHONEOS_DEPLOYMENT_TARGET = 17.5;
				MARKETING_VERSION = 1.0;
				PRODUCT_BUNDLE_IDENTIFIER = miguelbarone.CoinLibTests;
				PRODUCT_NAME = "$(TARGET_NAME)";
				SWIFT_EMIT_LOC_STRINGS = NO;
				SWIFT_VERSION = 5.0;
				TARGETED_DEVICE_FAMILY = "1,2";
				TEST_HOST = "$(BUILT_PRODUCTS_DIR)/CoinLib.app/$(BUNDLE_EXECUTABLE_FOLDER_PATH)/CoinLib";
			};
			name = Release;
		};
		B1C776A12C922AE400365E07 /* Debug */ = {
			isa = XCBuildConfiguration;
			buildSettings = {
				ALWAYS_EMBED_SWIFT_STANDARD_LIBRARIES = YES;
				CODE_SIGN_STYLE = Automatic;
				CURRENT_PROJECT_VERSION = 1;
				GENERATE_INFOPLIST_FILE = YES;
				MARKETING_VERSION = 1.0;
				PRODUCT_BUNDLE_IDENTIFIER = miguelbarone.CoinLibUITests;
				PRODUCT_NAME = "$(TARGET_NAME)";
				SWIFT_EMIT_LOC_STRINGS = NO;
				SWIFT_VERSION = 5.0;
				TARGETED_DEVICE_FAMILY = "1,2";
				TEST_TARGET_NAME = CoinLib;
			};
			name = Debug;
		};
		B1C776A22C922AE400365E07 /* Release */ = {
			isa = XCBuildConfiguration;
			buildSettings = {
				ALWAYS_EMBED_SWIFT_STANDARD_LIBRARIES = YES;
				CODE_SIGN_STYLE = Automatic;
				CURRENT_PROJECT_VERSION = 1;
				GENERATE_INFOPLIST_FILE = YES;
				MARKETING_VERSION = 1.0;
				PRODUCT_BUNDLE_IDENTIFIER = miguelbarone.CoinLibUITests;
				PRODUCT_NAME = "$(TARGET_NAME)";
				SWIFT_EMIT_LOC_STRINGS = NO;
				SWIFT_VERSION = 5.0;
				TARGETED_DEVICE_FAMILY = "1,2";
				TEST_TARGET_NAME = CoinLib;
			};
			name = Release;
		};
/* End XCBuildConfiguration section */

/* Begin XCConfigurationList section */
		B1C7766B2C922AE300365E07 /* Build configuration list for PBXProject "CoinLib" */ = {
			isa = XCConfigurationList;
			buildConfigurations = (
				B1C776982C922AE400365E07 /* Debug */,
				B1C776992C922AE400365E07 /* Release */,
			);
			defaultConfigurationIsVisible = 0;
			defaultConfigurationName = Release;
		};
		B1C7769A2C922AE400365E07 /* Build configuration list for PBXNativeTarget "CoinLib" */ = {
			isa = XCConfigurationList;
			buildConfigurations = (
				B1C7769B2C922AE400365E07 /* Debug */,
				B1C7769C2C922AE400365E07 /* Release */,
			);
			defaultConfigurationIsVisible = 0;
			defaultConfigurationName = Release;
		};
		B1C7769D2C922AE400365E07 /* Build configuration list for PBXNativeTarget "CoinLibTests" */ = {
			isa = XCConfigurationList;
			buildConfigurations = (
				B1C7769E2C922AE400365E07 /* Debug */,
				B1C7769F2C922AE400365E07 /* Release */,
			);
			defaultConfigurationIsVisible = 0;
			defaultConfigurationName = Release;
		};
		B1C776A02C922AE400365E07 /* Build configuration list for PBXNativeTarget "CoinLibUITests" */ = {
			isa = XCConfigurationList;
			buildConfigurations = (
				B1C776A12C922AE400365E07 /* Debug */,
				B1C776A22C922AE400365E07 /* Release */,
			);
			defaultConfigurationIsVisible = 0;
			defaultConfigurationName = Release;
		};
/* End XCConfigurationList section */
	};
	rootObject = B1C776682C922AE300365E07 /* Project object */;
}
