// !$*UTF8*$!
{
	archiveVersion = 1;
	classes = {
	};
	objectVersion = 56;
	objects = {

/* Begin PBXBuildFile section */
		B1805B482C92447000746AE5 /* SnapKit in Frameworks */ = {isa = PBXBuildFile; productRef = B1805B472C92447000746AE5 /* SnapKit */; };
		B1C776742C922AE300365E07 /* AppDelegate.swift in Sources */ = {isa = PBXBuildFile; fileRef = B1C776732C922AE300365E07 /* AppDelegate.swift */; };
		B1C7767D2C922AE400365E07 /* Assets.xcassets in Resources */ = {isa = PBXBuildFile; fileRef = B1C7767C2C922AE400365E07 /* Assets.xcassets */; };
		B1C776802C922AE400365E07 /* Base in Resources */ = {isa = PBXBuildFile; fileRef = B1C7767F2C922AE400365E07 /* Base */; };
		B1C7768B2C922AE400365E07 /* CoinLibTests.swift in Sources */ = {isa = PBXBuildFile; fileRef = B1C7768A2C922AE400365E07 /* CoinLibTests.swift */; };
		B1C776952C922AE400365E07 /* CoinLibUITests.swift in Sources */ = {isa = PBXBuildFile; fileRef = B1C776942C922AE400365E07 /* CoinLibUITests.swift */; };
		B1C776972C922AE400365E07 /* CoinLibUITestsLaunchTests.swift in Sources */ = {isa = PBXBuildFile; fileRef = B1C776962C922AE400365E07 /* CoinLibUITestsLaunchTests.swift */; };
/* End PBXBuildFile section */

/* Begin PBXContainerItemProxy section */
		B1C776872C922AE400365E07 /* PBXContainerItemProxy */ = {
			isa = PBXContainerItemProxy;
			containerPortal = B1C776682C922AE300365E07 /* Project object */;
			proxyType = 1;
			remoteGlobalIDString = B1C7766F2C922AE300365E07;
			remoteInfo = CoinLib;
		};
		B1C776912C922AE400365E07 /* PBXContainerItemProxy */ = {
			isa = PBXContainerItemProxy;
			containerPortal = B1C776682C922AE300365E07 /* Project object */;
			proxyType = 1;
			remoteGlobalIDString = B1C7766F2C922AE300365E07;
			remoteInfo = CoinLib;
		};
/* End PBXContainerItemProxy section */

/* Begin PBXFileReference section */
		B1C776702C922AE300365E07 /* CoinLib.app */ = {isa = PBXFileReference; explicitFileType = wrapper.application; includeInIndex = 0; path = CoinLib.app; sourceTree = BUILT_PRODUCTS_DIR; };
		B1C776732C922AE300365E07 /* AppDelegate.swift */ = {isa = PBXFileReference; lastKnownFileType = sourcecode.swift; path = AppDelegate.swift; sourceTree = "<group>"; };
		B1C7767C2C922AE400365E07 /* Assets.xcassets */ = {isa = PBXFileReference; lastKnownFileType = folder.assetcatalog; path = Assets.xcassets; sourceTree = "<group>"; };
		B1C7767F2C922AE400365E07 /* Base */ = {isa = PBXFileReference; lastKnownFileType = file.storyboard; name = Base; path = Base.lproj/LaunchScreen.storyboard; sourceTree = "<group>"; };
		B1C776812C922AE400365E07 /* Info.plist */ = {isa = PBXFileReference; lastKnownFileType = text.plist.xml; path = Info.plist; sourceTree = "<group>"; };
		B1C776862C922AE400365E07 /* CoinLibTests.xctest */ = {isa = PBXFileReference; explicitFileType = wrapper.cfbundle; includeInIndex = 0; path = CoinLibTests.xctest; sourceTree = BUILT_PRODUCTS_DIR; };
		B1C7768A2C922AE400365E07 /* CoinLibTests.swift */ = {isa = PBXFileReference; lastKnownFileType = sourcecode.swift; path = CoinLibTests.swift; sourceTree = "<group>"; };
		B1C776902C922AE400365E07 /* CoinLibUITests.xctest */ = {isa = PBXFileReference; explicitFileType = wrapper.cfbundle; includeInIndex = 0; path = CoinLibUITests.xctest; sourceTree = BUILT_PRODUCTS_DIR; };
		B1C776942C922AE400365E07 /* CoinLibUITests.swift */ = {isa = PBXFileReference; lastKnownFileType = sourcecode.swift; path = CoinLibUITests.swift; sourceTree = "<group>"; };
		B1C776962C922AE400365E07 /* CoinLibUITestsLaunchTests.swift */ = {isa = PBXFileReference; lastKnownFileType = sourcecode.swift; path = CoinLibUITestsLaunchTests.swift; sourceTree = "<group>"; };
/* End PBXFileReference section */

/* Begin PBXFrameworksBuildPhase section */
		B1C7766D2C922AE300365E07 /* Frameworks */ = {
			isa = PBXFrameworksBuildPhase;
			buildActionMask = 2147483647;
			files = (
				B1805B482C92447000746AE5 /* SnapKit in Frameworks */,
			);
			runOnlyForDeploymentPostprocessing = 0;
		};
		B1C776832C922AE400365E07 /* Frameworks */ = {
			isa = PBXFrameworksBuildPhase;
			buildActionMask = 2147483647;
			files = (
			);
			runOnlyForDeploymentPostprocessing = 0;
		};
		B1C7768D2C922AE400365E07 /* Frameworks */ = {
			isa = PBXFrameworksBuildPhase;
			buildActionMask = 2147483647;
			files = (
			);
			runOnlyForDeploymentPostprocessing = 0;
		};
/* End PBXFrameworksBuildPhase section */

/* Begin PBXGroup section */
		B19C01032C939EE100DDF6E7 /* Scenes */ = {
			isa = PBXGroup;
			children = (
			);
			path = Scenes;
			sourceTree = "<group>";
		};
		B19C01042C93A02200DDF6E7 /* AppConfiguration */ = {
			isa = PBXGroup;
			children = (
				B1C7767E2C922AE400365E07 /* LaunchScreen.storyboard */,
				B1C776812C922AE400365E07 /* Info.plist */,
				B1C776732C922AE300365E07 /* AppDelegate.swift */,
			);
			path = AppConfiguration;
			sourceTree = "<group>";
		};
		B19C01052C93A07100DDF6E7 /* Resources */ = {
			isa = PBXGroup;
			children = (
				B1C7767C2C922AE400365E07 /* Assets.xcassets */,
			);
			path = Resources;
			sourceTree = "<group>";
		};
		B1C776672C922AE300365E07 = {
			isa = PBXGroup;
			children = (
				B1C776722C922AE300365E07 /* CoinLib */,
				B1C776892C922AE400365E07 /* CoinLibTests */,
				B1C776932C922AE400365E07 /* CoinLibUITests */,
				B1C776712C922AE300365E07 /* Products */,
			);
			sourceTree = "<group>";
		};
		B1C776712C922AE300365E07 /* Products */ = {
			isa = PBXGroup;
			children = (
				B1C776702C922AE300365E07 /* CoinLib.app */,
				B1C776862C922AE400365E07 /* CoinLibTests.xctest */,
				B1C776902C922AE400365E07 /* CoinLibUITests.xctest */,
			);
			name = Products;
			sourceTree = "<group>";
		};
		B1C776722C922AE300365E07 /* CoinLib */ = {
			isa = PBXGroup;
			children = (
				B19C01052C93A07100DDF6E7 /* Resources */,
				B19C01042C93A02200DDF6E7 /* AppConfiguration */,
				B19C01032C939EE100DDF6E7 /* Scenes */,
			);
			path = CoinLib;
			sourceTree = "<group>";
		};
		B1C776892C922AE400365E07 /* CoinLibTests */ = {
			isa = PBXGroup;
			children = (
				B1C7768A2C922AE400365E07 /* CoinLibTests.swift */,
			);
			path = CoinLibTests;
			sourceTree = "<group>";
		};
		B1C776932C922AE400365E07 /* CoinLibUITests */ = {
			isa = PBXGroup;
			children = (
				B1C776942C922AE400365E07 /* CoinLibUITests.swift */,
				B1C776962C922AE400365E07 /* CoinLibUITestsLaunchTests.swift */,
			);
			path = CoinLibUITests;
			sourceTree = "<group>";
		};
/* End PBXGroup section */

/* Begin PBXNativeTarget section */
		B1C7766F2C922AE300365E07 /* CoinLib */ = {
			isa = PBXNativeTarget;
			buildConfigurationList = B1C7769A2C922AE400365E07 /* Build configuration list for PBXNativeTarget "CoinLib" */;
			buildPhases = (
				B1C7766C2C922AE300365E07 /* Sources */,
				B1C7766D2C922AE300365E07 /* Frameworks */,
				B1C7766E2C922AE300365E07 /* Resources */,
			);
			buildRules = (
			);
			dependencies = (
			);
			name = CoinLib;
			packageProductDependencies = (
				B1805B472C92447000746AE5 /* SnapKit */,
			);
			productName = CoinLib;
			productReference = B1C776702C922AE300365E07 /* CoinLib.app */;
			productType = "com.apple.product-type.application";
		};
		B1C776852C922AE400365E07 /* CoinLibTests */ = {
			isa = PBXNativeTarget;
			buildConfigurationList = B1C7769D2C922AE400365E07 /* Build configuration list for PBXNativeTarget "CoinLibTests" */;
			buildPhases = (
				B1C776822C922AE400365E07 /* Sources */,
				B1C776832C922AE400365E07 /* Frameworks */,
				B1C776842C922AE400365E07 /* Resources */,
			);
			buildRules = (
			);
			dependencies = (
				B1C776882C922AE400365E07 /* PBXTargetDependency */,
			);
			name = CoinLibTests;
			productName = CoinLibTests;
			productReference = B1C776862C922AE400365E07 /* CoinLibTests.xctest */;
			productType = "com.apple.product-type.bundle.unit-test";
		};
		B1C7768F2C922AE400365E07 /* CoinLibUITests */ = {
			isa = PBXNativeTarget;
			buildConfigurationList = B1C776A02C922AE400365E07 /* Build configuration list for PBXNativeTarget "CoinLibUITests" */;
			buildPhases = (
				B1C7768C2C922AE400365E07 /* Sources */,
				B1C7768D2C922AE400365E07 /* Frameworks */,
				B1C7768E2C922AE400365E07 /* Resources */,
			);
			buildRules = (
			);
			dependencies = (
				B1C776922C922AE400365E07 /* PBXTargetDependency */,
			);
			name = CoinLibUITests;
			productName = CoinLibUITests;
			productReference = B1C776902C922AE400365E07 /* CoinLibUITests.xctest */;
			productType = "com.apple.product-type.bundle.ui-testing";
		};
/* End PBXNativeTarget section */

/* Begin PBXProject section */
		B1C776682C922AE300365E07 /* Project object */ = {
			isa = PBXProject;
			attributes = {
				BuildIndependentTargetsInParallel = 1;
				LastSwiftUpdateCheck = 1540;
				LastUpgradeCheck = 1540;
				TargetAttributes = {
					B1C7766F2C922AE300365E07 = {
						CreatedOnToolsVersion = 15.4;
					};
					B1C776852C922AE400365E07 = {
						CreatedOnToolsVersion = 15.4;
						TestTargetID = B1C7766F2C922AE300365E07;
					};
					B1C7768F2C922AE400365E07 = {
						CreatedOnToolsVersion = 15.4;
						TestTargetID = B1C7766F2C922AE300365E07;
					};
				};
			};
			buildConfigurationList = B1C7766B2C922AE300365E07 /* Build configuration list for PBXProject "CoinLib" */;
			compatibilityVersion = "Xcode 14.0";
			developmentRegion = en;
			hasScannedForEncodings = 0;
			knownRegions = (
				en,
				Base,
			);
			mainGroup = B1C776672C922AE300365E07;
			packageReferences = (
				B1805B462C92447000746AE5 /* XCRemoteSwiftPackageReference "SnapKit" */,
			);
			productRefGroup = B1C776712C922AE300365E07 /* Products */;
			projectDirPath = "";
			projectRoot = "";
			targets = (
				B1C7766F2C922AE300365E07 /* CoinLib */,
				B1C776852C922AE400365E07 /* CoinLibTests */,
				B1C7768F2C922AE400365E07 /* CoinLibUITests */,
			);
		};
/* End PBXProject section */

/* Begin PBXResourcesBuildPhase section */
		B1C7766E2C922AE300365E07 /* Resources */ = {
			isa = PBXResourcesBuildPhase;
			buildActionMask = 2147483647;
			files = (
				B1C7767D2C922AE400365E07 /* Assets.xcassets in Resources */,
				B1C776802C922AE400365E07 /* Base in Resources */,
			);
			runOnlyForDeploymentPostprocessing = 0;
		};
		B1C776842C922AE400365E07 /* Resources */ = {
			isa = PBXResourcesBuildPhase;
			buildActionMask = 2147483647;
			files = (
			);
			runOnlyForDeploymentPostprocessing = 0;
		};
		B1C7768E2C922AE400365E07 /* Resources */ = {
			isa = PBXResourcesBuildPhase;
			buildActionMask = 2147483647;
			files = (
			);
			runOnlyForDeploymentPostprocessing = 0;
		};
/* End PBXResourcesBuildPhase section */

/* Begin PBXSourcesBuildPhase section */
		B1C7766C2C922AE300365E07 /* Sources */ = {
			isa = PBXSourcesBuildPhase;
			buildActionMask = 2147483647;
			files = (
				B1C776742C922AE300365E07 /* AppDelegate.swift in Sources */,
			);
			runOnlyForDeploymentPostprocessing = 0;
		};
		B1C776822C922AE400365E07 /* Sources */ = {
			isa = PBXSourcesBuildPhase;
			buildActionMask = 2147483647;
			files = (
				B1C7768B2C922AE400365E07 /* CoinLibTests.swift in Sources */,
			);
			runOnlyForDeploymentPostprocessing = 0;
		};
		B1C7768C2C922AE400365E07 /* Sources */ = {
			isa = PBXSourcesBuildPhase;
			buildActionMask = 2147483647;
			files = (
				B1C776952C922AE400365E07 /* CoinLibUITests.swift in Sources */,
				B1C776972C922AE400365E07 /* CoinLibUITestsLaunchTests.swift in Sources */,
			);
			runOnlyForDeploymentPostprocessing = 0;
		};
/* End PBXSourcesBuildPhase section */

/* Begin PBXTargetDependency section */
		B1C776882C922AE400365E07 /* PBXTargetDependency */ = {
			isa = PBXTargetDependency;
			target = B1C7766F2C922AE300365E07 /* CoinLib */;
			targetProxy = B1C776872C922AE400365E07 /* PBXContainerItemProxy */;
		};
		B1C776922C922AE400365E07 /* PBXTargetDependency */ = {
			isa = PBXTargetDependency;
			target = B1C7766F2C922AE300365E07 /* CoinLib */;
			targetProxy = B1C776912C922AE400365E07 /* PBXContainerItemProxy */;
		};
/* End PBXTargetDependency section */

/* Begin PBXVariantGroup section */
		B1C7767E2C922AE400365E07 /* LaunchScreen.storyboard */ = {
			isa = PBXVariantGroup;
			children = (
				B1C7767F2C922AE400365E07 /* Base */,
			);
			name = LaunchScreen.storyboard;
			sourceTree = "<group>";
		};
/* End PBXVariantGroup section */

/* Begin XCBuildConfiguration section */
		B1C776982C922AE400365E07 /* Debug */ = {
			isa = XCBuildConfiguration;
			buildSettings = {
				ALWAYS_SEARCH_USER_PATHS = NO;
				ASSETCATALOG_COMPILER_GENERATE_SWIFT_ASSET_SYMBOL_EXTENSIONS = YES;
				CLANG_ANALYZER_NONNULL = YES;
				CLANG_ANALYZER_NUMBER_OBJECT_CONVERSION = YES_AGGRESSIVE;
				CLANG_CXX_LANGUAGE_STANDARD = "gnu++20";
				CLANG_ENABLE_MODULES = YES;
				CLANG_ENABLE_OBJC_ARC = YES;
				CLANG_ENABLE_OBJC_WEAK = YES;
				CLANG_WARN_BLOCK_CAPTURE_AUTORELEASING = YES;
				CLANG_WARN_BOOL_CONVERSION = YES;
				CLANG_WARN_COMMA = YES;
				CLANG_WARN_CONSTANT_CONVERSION = YES;
				CLANG_WARN_DEPRECATED_OBJC_IMPLEMENTATIONS = YES;
				CLANG_WARN_DIRECT_OBJC_ISA_USAGE = YES_ERROR;
				CLANG_WARN_DOCUMENTATION_COMMENTS = YES;
				CLANG_WARN_EMPTY_BODY = YES;
				CLANG_WARN_ENUM_CONVERSION = YES;
				CLANG_WARN_INFINITE_RECURSION = YES;
				CLANG_WARN_INT_CONVERSION = YES;
				CLANG_WARN_NON_LITERAL_NULL_CONVERSION = YES;
				CLANG_WARN_OBJC_IMPLICIT_RETAIN_SELF = YES;
				CLANG_WARN_OBJC_LITERAL_CONVERSION = YES;
				CLANG_WARN_OBJC_ROOT_CLASS = YES_ERROR;
				CLANG_WARN_QUOTED_INCLUDE_IN_FRAMEWORK_HEADER = YES;
				CLANG_WARN_RANGE_LOOP_ANALYSIS = YES;
				CLANG_WARN_STRICT_PROTOTYPES = YES;
				CLANG_WARN_SUSPICIOUS_MOVE = YES;
				CLANG_WARN_UNGUARDED_AVAILABILITY = YES_AGGRESSIVE;
				CLANG_WARN_UNREACHABLE_CODE = YES;
				CLANG_WARN__DUPLICATE_METHOD_MATCH = YES;
				COPY_PHASE_STRIP = NO;
				DEBUG_INFORMATION_FORMAT = dwarf;
				ENABLE_STRICT_OBJC_MSGSEND = YES;
				ENABLE_TESTABILITY = YES;
				ENABLE_USER_SCRIPT_SANDBOXING = YES;
				GCC_C_LANGUAGE_STANDARD = gnu17;
				GCC_DYNAMIC_NO_PIC = NO;
				GCC_NO_COMMON_BLOCKS = YES;
				GCC_OPTIMIZATION_LEVEL = 0;
				GCC_PREPROCESSOR_DEFINITIONS = (
					"DEBUG=1",
					"$(inherited)",
				);
				GCC_WARN_64_TO_32_BIT_CONVERSION = YES;
				GCC_WARN_ABOUT_RETURN_TYPE = YES_ERROR;
				GCC_WARN_UNDECLARED_SELECTOR = YES;
				GCC_WARN_UNINITIALIZED_AUTOS = YES_AGGRESSIVE;
				GCC_WARN_UNUSED_FUNCTION = YES;
				GCC_WARN_UNUSED_VARIABLE = YES;
				IPHONEOS_DEPLOYMENT_TARGET = 17.5;
				LOCALIZATION_PREFERS_STRING_CATALOGS = YES;
				MTL_ENABLE_DEBUG_INFO = INCLUDE_SOURCE;
				MTL_FAST_MATH = YES;
				ONLY_ACTIVE_ARCH = YES;
				SDKROOT = iphoneos;
				SWIFT_ACTIVE_COMPILATION_CONDITIONS = "DEBUG $(inherited)";
				SWIFT_OPTIMIZATION_LEVEL = "-Onone";
			};
			name = Debug;
		};
		B1C776992C922AE400365E07 /* Release */ = {
			isa = XCBuildConfiguration;
			buildSettings = {
				ALWAYS_SEARCH_USER_PATHS = NO;
				ASSETCATALOG_COMPILER_GENERATE_SWIFT_ASSET_SYMBOL_EXTENSIONS = YES;
				CLANG_ANALYZER_NONNULL = YES;
				CLANG_ANALYZER_NUMBER_OBJECT_CONVERSION = YES_AGGRESSIVE;
				CLANG_CXX_LANGUAGE_STANDARD = "gnu++20";
				CLANG_ENABLE_MODULES = YES;
				CLANG_ENABLE_OBJC_ARC = YES;
				CLANG_ENABLE_OBJC_WEAK = YES;
				CLANG_WARN_BLOCK_CAPTURE_AUTORELEASING = YES;
				CLANG_WARN_BOOL_CONVERSION = YES;
				CLANG_WARN_COMMA = YES;
				CLANG_WARN_CONSTANT_CONVERSION = YES;
				CLANG_WARN_DEPRECATED_OBJC_IMPLEMENTATIONS = YES;
				CLANG_WARN_DIRECT_OBJC_ISA_USAGE = YES_ERROR;
				CLANG_WARN_DOCUMENTATION_COMMENTS = YES;
				CLANG_WARN_EMPTY_BODY = YES;
				CLANG_WARN_ENUM_CONVERSION = YES;
				CLANG_WARN_INFINITE_RECURSION = YES;
				CLANG_WARN_INT_CONVERSION = YES;
				CLANG_WARN_NON_LITERAL_NULL_CONVERSION = YES;
				CLANG_WARN_OBJC_IMPLICIT_RETAIN_SELF = YES;
				CLANG_WARN_OBJC_LITERAL_CONVERSION = YES;
				CLANG_WARN_OBJC_ROOT_CLASS = YES_ERROR;
				CLANG_WARN_QUOTED_INCLUDE_IN_FRAMEWORK_HEADER = YES;
				CLANG_WARN_RANGE_LOOP_ANALYSIS = YES;
				CLANG_WARN_STRICT_PROTOTYPES = YES;
				CLANG_WARN_SUSPICIOUS_MOVE = YES;
				CLANG_WARN_UNGUARDED_AVAILABILITY = YES_AGGRESSIVE;
				CLANG_WARN_UNREACHABLE_CODE = YES;
				CLANG_WARN__DUPLICATE_METHOD_MATCH = YES;
				COPY_PHASE_STRIP = NO;
				DEBUG_INFORMATION_FORMAT = "dwarf-with-dsym";
				ENABLE_NS_ASSERTIONS = NO;
				ENABLE_STRICT_OBJC_MSGSEND = YES;
				ENABLE_USER_SCRIPT_SANDBOXING = YES;
				GCC_C_LANGUAGE_STANDARD = gnu17;
				GCC_NO_COMMON_BLOCKS = YES;
				GCC_WARN_64_TO_32_BIT_CONVERSION = YES;
				GCC_WARN_ABOUT_RETURN_TYPE = YES_ERROR;
				GCC_WARN_UNDECLARED_SELECTOR = YES;
				GCC_WARN_UNINITIALIZED_AUTOS = YES_AGGRESSIVE;
				GCC_WARN_UNUSED_FUNCTION = YES;
				GCC_WARN_UNUSED_VARIABLE = YES;
				IPHONEOS_DEPLOYMENT_TARGET = 17.5;
				LOCALIZATION_PREFERS_STRING_CATALOGS = YES;
				MTL_ENABLE_DEBUG_INFO = NO;
				MTL_FAST_MATH = YES;
				SDKROOT = iphoneos;
				SWIFT_COMPILATION_MODE = wholemodule;
				VALIDATE_PRODUCT = YES;
			};
			name = Release;
		};
		B1C7769B2C922AE400365E07 /* Debug */ = {
			isa = XCBuildConfiguration;
			buildSettings = {
				ASSETCATALOG_COMPILER_APPICON_NAME = AppIcon;
				ASSETCATALOG_COMPILER_GLOBAL_ACCENT_COLOR_NAME = AccentColor;
				CODE_SIGN_STYLE = Automatic;
				CURRENT_PROJECT_VERSION = 1;
				GENERATE_INFOPLIST_FILE = YES;
				INFOPLIST_FILE = CoinLib/AppConfiguration/Info.plist;
				INFOPLIST_KEY_UIApplicationSupportsIndirectInputEvents = YES;
				INFOPLIST_KEY_UILaunchStoryboardName = LaunchScreen;
				INFOPLIST_KEY_UISupportedInterfaceOrientations_iPad = "UIInterfaceOrientationPortrait UIInterfaceOrientationPortraitUpsideDown UIInterfaceOrientationLandscapeLeft UIInterfaceOrientationLandscapeRight";
				INFOPLIST_KEY_UISupportedInterfaceOrientations_iPhone = "UIInterfaceOrientationPortrait UIInterfaceOrientationLandscapeLeft UIInterfaceOrientationLandscapeRight";
				LD_RUNPATH_SEARCH_PATHS = (
					"$(inherited)",
					"@executable_path/Frameworks",
				);
				MARKETING_VERSION = 1.0;
				PRODUCT_BUNDLE_IDENTIFIER = ninadominique.CoinLib;
				PRODUCT_NAME = "$(TARGET_NAME)";
				SWIFT_EMIT_LOC_STRINGS = YES;
				SWIFT_VERSION = 5.0;
				TARGETED_DEVICE_FAMILY = "1,2";
			};
			name = Debug;
		};
		B1C7769C2C922AE400365E07 /* Release */ = {
			isa = XCBuildConfiguration;
			buildSettings = {
				ASSETCATALOG_COMPILER_APPICON_NAME = AppIcon;
				ASSETCATALOG_COMPILER_GLOBAL_ACCENT_COLOR_NAME = AccentColor;
				CODE_SIGN_STYLE = Automatic;
				CURRENT_PROJECT_VERSION = 1;
				GENERATE_INFOPLIST_FILE = YES;
				INFOPLIST_FILE = CoinLib/AppConfiguration/Info.plist;
				INFOPLIST_KEY_UIApplicationSupportsIndirectInputEvents = YES;
				INFOPLIST_KEY_UILaunchStoryboardName = LaunchScreen;
				INFOPLIST_KEY_UISupportedInterfaceOrientations_iPad = "UIInterfaceOrientationPortrait UIInterfaceOrientationPortraitUpsideDown UIInterfaceOrientationLandscapeLeft UIInterfaceOrientationLandscapeRight";
				INFOPLIST_KEY_UISupportedInterfaceOrientations_iPhone = "UIInterfaceOrientationPortrait UIInterfaceOrientationLandscapeLeft UIInterfaceOrientationLandscapeRight";
				LD_RUNPATH_SEARCH_PATHS = (
					"$(inherited)",
					"@executable_path/Frameworks",
				);
				MARKETING_VERSION = 1.0;
				PRODUCT_BUNDLE_IDENTIFIER = ninadominique.CoinLib;
				PRODUCT_NAME = "$(TARGET_NAME)";
				SWIFT_EMIT_LOC_STRINGS = YES;
				SWIFT_VERSION = 5.0;
				TARGETED_DEVICE_FAMILY = "1,2";
			};
			name = Release;
		};
		B1C7769E2C922AE400365E07 /* Debug */ = {
			isa = XCBuildConfiguration;
			buildSettings = {
				ALWAYS_EMBED_SWIFT_STANDARD_LIBRARIES = YES;
				BUNDLE_LOADER = "$(TEST_HOST)";
				CODE_SIGN_STYLE = Automatic;
				CURRENT_PROJECT_VERSION = 1;
				GENERATE_INFOPLIST_FILE = YES;
				IPHONEOS_DEPLOYMENT_TARGET = 17.5;
				MARKETING_VERSION = 1.0;
				PRODUCT_BUNDLE_IDENTIFIER = ninadominique.CoinLibTests;
				PRODUCT_NAME = "$(TARGET_NAME)";
				SWIFT_EMIT_LOC_STRINGS = NO;
				SWIFT_VERSION = 5.0;
				TARGETED_DEVICE_FAMILY = "1,2";
				TEST_HOST = "$(BUILT_PRODUCTS_DIR)/CoinLib.app/$(BUNDLE_EXECUTABLE_FOLDER_PATH)/CoinLib";
			};
			name = Debug;
		};
		B1C7769F2C922AE400365E07 /* Release */ = {
			isa = XCBuildConfiguration;
			buildSettings = {
				ALWAYS_EMBED_SWIFT_STANDARD_LIBRARIES = YES;
				BUNDLE_LOADER = "$(TEST_HOST)";
				CODE_SIGN_STYLE = Automatic;
				CURRENT_PROJECT_VERSION = 1;
				GENERATE_INFOPLIST_FILE = YES;
				IPHONEOS_DEPLOYMENT_TARGET = 17.5;
				MARKETING_VERSION = 1.0;
				PRODUCT_BUNDLE_IDENTIFIER = ninadominique.CoinLibTests;
				PRODUCT_NAME = "$(TARGET_NAME)";
				SWIFT_EMIT_LOC_STRINGS = NO;
				SWIFT_VERSION = 5.0;
				TARGETED_DEVICE_FAMILY = "1,2";
				TEST_HOST = "$(BUILT_PRODUCTS_DIR)/CoinLib.app/$(BUNDLE_EXECUTABLE_FOLDER_PATH)/CoinLib";
			};
			name = Release;
		};
		B1C776A12C922AE400365E07 /* Debug */ = {
			isa = XCBuildConfiguration;
			buildSettings = {
				ALWAYS_EMBED_SWIFT_STANDARD_LIBRARIES = YES;
				CODE_SIGN_STYLE = Automatic;
				CURRENT_PROJECT_VERSION = 1;
				GENERATE_INFOPLIST_FILE = YES;
				MARKETING_VERSION = 1.0;
				PRODUCT_BUNDLE_IDENTIFIER = ninadominique.CoinLibUITests;
				PRODUCT_NAME = "$(TARGET_NAME)";
				SWIFT_EMIT_LOC_STRINGS = NO;
				SWIFT_VERSION = 5.0;
				TARGETED_DEVICE_FAMILY = "1,2";
				TEST_TARGET_NAME = CoinLib;
			};
			name = Debug;
		};
		B1C776A22C922AE400365E07 /* Release */ = {
			isa = XCBuildConfiguration;
			buildSettings = {
				ALWAYS_EMBED_SWIFT_STANDARD_LIBRARIES = YES;
				CODE_SIGN_STYLE = Automatic;
				CURRENT_PROJECT_VERSION = 1;
				GENERATE_INFOPLIST_FILE = YES;
				MARKETING_VERSION = 1.0;
				PRODUCT_BUNDLE_IDENTIFIER = ninadominique.CoinLibUITests;
				PRODUCT_NAME = "$(TARGET_NAME)";
				SWIFT_EMIT_LOC_STRINGS = NO;
				SWIFT_VERSION = 5.0;
				TARGETED_DEVICE_FAMILY = "1,2";
				TEST_TARGET_NAME = CoinLib;
			};
			name = Release;
		};
/* End XCBuildConfiguration section */

/* Begin XCConfigurationList section */
		B1C7766B2C922AE300365E07 /* Build configuration list for PBXProject "CoinLib" */ = {
			isa = XCConfigurationList;
			buildConfigurations = (
				B1C776982C922AE400365E07 /* Debug */,
				B1C776992C922AE400365E07 /* Release */,
			);
			defaultConfigurationIsVisible = 0;
			defaultConfigurationName = Release;
		};
		B1C7769A2C922AE400365E07 /* Build configuration list for PBXNativeTarget "CoinLib" */ = {
			isa = XCConfigurationList;
			buildConfigurations = (
				B1C7769B2C922AE400365E07 /* Debug */,
				B1C7769C2C922AE400365E07 /* Release */,
			);
			defaultConfigurationIsVisible = 0;
			defaultConfigurationName = Release;
		};
		B1C7769D2C922AE400365E07 /* Build configuration list for PBXNativeTarget "CoinLibTests" */ = {
			isa = XCConfigurationList;
			buildConfigurations = (
				B1C7769E2C922AE400365E07 /* Debug */,
				B1C7769F2C922AE400365E07 /* Release */,
			);
			defaultConfigurationIsVisible = 0;
			defaultConfigurationName = Release;
		};
		B1C776A02C922AE400365E07 /* Build configuration list for PBXNativeTarget "CoinLibUITests" */ = {
			isa = XCConfigurationList;
			buildConfigurations = (
				B1C776A12C922AE400365E07 /* Debug */,
				B1C776A22C922AE400365E07 /* Release */,
			);
			defaultConfigurationIsVisible = 0;
			defaultConfigurationName = Release;
		};
/* End XCConfigurationList section */

/* Begin XCRemoteSwiftPackageReference section */
		B1805B462C92447000746AE5 /* XCRemoteSwiftPackageReference "SnapKit" */ = {
			isa = XCRemoteSwiftPackageReference;
			repositoryURL = "https://github.com/SnapKit/SnapKit.git";
			requirement = {
				kind = upToNextMajorVersion;
				minimumVersion = 5.7.1;
			};
		};
/* End XCRemoteSwiftPackageReference section */

/* Begin XCSwiftPackageProductDependency section */
		B1805B472C92447000746AE5 /* SnapKit */ = {
			isa = XCSwiftPackageProductDependency;
			package = B1805B462C92447000746AE5 /* XCRemoteSwiftPackageReference "SnapKit" */;
			productName = SnapKit;
		};
/* End XCSwiftPackageProductDependency section */
	};
	rootObject = B1C776682C922AE300365E07 /* Project object */;
}
